// !$*UTF8*$!
{
	archiveVersion = 1;
	classes = {
	};
	objectVersion = 46;
	objects = {

/* Begin PBXBuildFile section */
		67FF29761C87B9A1008B6F3B /* AppDelegate.swift in Sources */ = {isa = PBXBuildFile; fileRef = 67FF29751C87B9A1008B6F3B /* AppDelegate.swift */; };
		67FF29781C87B9A1008B6F3B /* ViewController.swift in Sources */ = {isa = PBXBuildFile; fileRef = 67FF29771C87B9A1008B6F3B /* ViewController.swift */; };
		67FF297B1C87B9A1008B6F3B /* Main.storyboard in Resources */ = {isa = PBXBuildFile; fileRef = 67FF29791C87B9A1008B6F3B /* Main.storyboard */; };
		67FF297D1C87B9A1008B6F3B /* Assets.xcassets in Resources */ = {isa = PBXBuildFile; fileRef = 67FF297C1C87B9A1008B6F3B /* Assets.xcassets */; };
		67FF29801C87B9A1008B6F3B /* LaunchScreen.storyboard in Resources */ = {isa = PBXBuildFile; fileRef = 67FF297E1C87B9A1008B6F3B /* LaunchScreen.storyboard */; };
		67FF298B1C87B9A1008B6F3B /* SunnyTests.swift in Sources */ = {isa = PBXBuildFile; fileRef = 67FF298A1C87B9A1008B6F3B /* SunnyTests.swift */; };
		67FF29961C87B9A1008B6F3B /* SunnyUITests.swift in Sources */ = {isa = PBXBuildFile; fileRef = 67FF29951C87B9A1008B6F3B /* SunnyUITests.swift */; };
		67FF29A41C87B9FB008B6F3B /* bg.jpg in Resources */ = {isa = PBXBuildFile; fileRef = 67FF29A31C87B9FB008B6F3B /* bg.jpg */; };
		67FF29A61C87BAEE008B6F3B /* logo.png in Resources */ = {isa = PBXBuildFile; fileRef = 67FF29A51C87BAEE008B6F3B /* logo.png */; };
		67FF29A81C87C065008B6F3B /* NetworkProcessing.swift in Sources */ = {isa = PBXBuildFile; fileRef = 67FF29A71C87C065008B6F3B /* NetworkProcessing.swift */; };
/* End PBXBuildFile section */

/* Begin PBXContainerItemProxy section */
		67FF29871C87B9A1008B6F3B /* PBXContainerItemProxy */ = {
			isa = PBXContainerItemProxy;
			containerPortal = 67FF296A1C87B9A1008B6F3B /* Project object */;
			proxyType = 1;
			remoteGlobalIDString = 67FF29711C87B9A1008B6F3B;
			remoteInfo = Sunny;
		};
		67FF29921C87B9A1008B6F3B /* PBXContainerItemProxy */ = {
			isa = PBXContainerItemProxy;
			containerPortal = 67FF296A1C87B9A1008B6F3B /* Project object */;
			proxyType = 1;
			remoteGlobalIDString = 67FF29711C87B9A1008B6F3B;
			remoteInfo = Sunny;
		};
/* End PBXContainerItemProxy section */

/* Begin PBXFileReference section */
		67FF29721C87B9A1008B6F3B /* Sunny.app */ = {isa = PBXFileReference; explicitFileType = wrapper.application; includeInIndex = 0; path = Sunny.app; sourceTree = BUILT_PRODUCTS_DIR; };
		67FF29751C87B9A1008B6F3B /* AppDelegate.swift */ = {isa = PBXFileReference; lastKnownFileType = sourcecode.swift; path = AppDelegate.swift; sourceTree = "<group>"; };
		67FF29771C87B9A1008B6F3B /* ViewController.swift */ = {isa = PBXFileReference; lastKnownFileType = sourcecode.swift; path = ViewController.swift; sourceTree = "<group>"; };
		67FF297A1C87B9A1008B6F3B /* Base */ = {isa = PBXFileReference; lastKnownFileType = file.storyboard; name = Base; path = Base.lproj/Main.storyboard; sourceTree = "<group>"; };
		67FF297C1C87B9A1008B6F3B /* Assets.xcassets */ = {isa = PBXFileReference; lastKnownFileType = folder.assetcatalog; path = Assets.xcassets; sourceTree = "<group>"; };
		67FF297F1C87B9A1008B6F3B /* Base */ = {isa = PBXFileReference; lastKnownFileType = file.storyboard; name = Base; path = Base.lproj/LaunchScreen.storyboard; sourceTree = "<group>"; };
		67FF29811C87B9A1008B6F3B /* Info.plist */ = {isa = PBXFileReference; lastKnownFileType = text.plist.xml; path = Info.plist; sourceTree = "<group>"; };
		67FF29861C87B9A1008B6F3B /* SunnyTests.xctest */ = {isa = PBXFileReference; explicitFileType = wrapper.cfbundle; includeInIndex = 0; path = SunnyTests.xctest; sourceTree = BUILT_PRODUCTS_DIR; };
		67FF298A1C87B9A1008B6F3B /* SunnyTests.swift */ = {isa = PBXFileReference; lastKnownFileType = sourcecode.swift; path = SunnyTests.swift; sourceTree = "<group>"; };
		67FF298C1C87B9A1008B6F3B /* Info.plist */ = {isa = PBXFileReference; lastKnownFileType = text.plist.xml; path = Info.plist; sourceTree = "<group>"; };
		67FF29911C87B9A1008B6F3B /* SunnyUITests.xctest */ = {isa = PBXFileReference; explicitFileType = wrapper.cfbundle; includeInIndex = 0; path = SunnyUITests.xctest; sourceTree = BUILT_PRODUCTS_DIR; };
		67FF29951C87B9A1008B6F3B /* SunnyUITests.swift */ = {isa = PBXFileReference; lastKnownFileType = sourcecode.swift; path = SunnyUITests.swift; sourceTree = "<group>"; };
		67FF29971C87B9A1008B6F3B /* Info.plist */ = {isa = PBXFileReference; lastKnownFileType = text.plist.xml; path = Info.plist; sourceTree = "<group>"; };
		67FF29A31C87B9FB008B6F3B /* bg.jpg */ = {isa = PBXFileReference; lastKnownFileType = image.jpeg; path = bg.jpg; sourceTree = "<group>"; };
		67FF29A51C87BAEE008B6F3B /* logo.png */ = {isa = PBXFileReference; lastKnownFileType = image.png; path = logo.png; sourceTree = "<group>"; };
		67FF29A71C87C065008B6F3B /* NetworkProcessing.swift */ = {isa = PBXFileReference; fileEncoding = 4; lastKnownFileType = sourcecode.swift; path = NetworkProcessing.swift; sourceTree = "<group>"; };
/* End PBXFileReference section */

/* Begin PBXFrameworksBuildPhase section */
		67FF296F1C87B9A1008B6F3B /* Frameworks */ = {
			isa = PBXFrameworksBuildPhase;
			buildActionMask = 2147483647;
			files = (
			);
			runOnlyForDeploymentPostprocessing = 0;
		};
		67FF29831C87B9A1008B6F3B /* Frameworks */ = {
			isa = PBXFrameworksBuildPhase;
			buildActionMask = 2147483647;
			files = (
			);
			runOnlyForDeploymentPostprocessing = 0;
		};
		67FF298E1C87B9A1008B6F3B /* Frameworks */ = {
			isa = PBXFrameworksBuildPhase;
			buildActionMask = 2147483647;
			files = (
			);
			runOnlyForDeploymentPostprocessing = 0;
		};
/* End PBXFrameworksBuildPhase section */

/* Begin PBXGroup section */
		67FF29691C87B9A1008B6F3B = {
			isa = PBXGroup;
			children = (
				67FF29741C87B9A1008B6F3B /* Sunny */,
				67FF29891C87B9A1008B6F3B /* SunnyTests */,
				67FF29941C87B9A1008B6F3B /* SunnyUITests */,
				67FF29731C87B9A1008B6F3B /* Products */,
			);
			sourceTree = "<group>";
		};
		67FF29731C87B9A1008B6F3B /* Products */ = {
			isa = PBXGroup;
			children = (
				67FF29721C87B9A1008B6F3B /* Sunny.app */,
				67FF29861C87B9A1008B6F3B /* SunnyTests.xctest */,
				67FF29911C87B9A1008B6F3B /* SunnyUITests.xctest */,
			);
			name = Products;
			sourceTree = "<group>";
		};
		67FF29741C87B9A1008B6F3B /* Sunny */ = {
			isa = PBXGroup;
			children = (
				67FF29A51C87BAEE008B6F3B /* logo.png */,
				67FF29A31C87B9FB008B6F3B /* bg.jpg */,
				67FF29751C87B9A1008B6F3B /* AppDelegate.swift */,
				67FF29771C87B9A1008B6F3B /* ViewController.swift */,
				67FF29791C87B9A1008B6F3B /* Main.storyboard */,
				67FF297C1C87B9A1008B6F3B /* Assets.xcassets */,
				67FF297E1C87B9A1008B6F3B /* LaunchScreen.storyboard */,
				67FF29811C87B9A1008B6F3B /* Info.plist */,
				67FF29A71C87C065008B6F3B /* NetworkProcessing.swift */,
			);
			path = Sunny;
			sourceTree = "<group>";
		};
		67FF29891C87B9A1008B6F3B /* SunnyTests */ = {
			isa = PBXGroup;
			children = (
				67FF298A1C87B9A1008B6F3B /* SunnyTests.swift */,
				67FF298C1C87B9A1008B6F3B /* Info.plist */,
			);
			path = SunnyTests;
			sourceTree = "<group>";
		};
		67FF29941C87B9A1008B6F3B /* SunnyUITests */ = {
			isa = PBXGroup;
			children = (
				67FF29951C87B9A1008B6F3B /* SunnyUITests.swift */,
				67FF29971C87B9A1008B6F3B /* Info.plist */,
			);
			path = SunnyUITests;
			sourceTree = "<group>";
		};
/* End PBXGroup section */

/* Begin PBXNativeTarget section */
		67FF29711C87B9A1008B6F3B /* Sunny */ = {
			isa = PBXNativeTarget;
			buildConfigurationList = 67FF299A1C87B9A1008B6F3B /* Build configuration list for PBXNativeTarget "Sunny" */;
			buildPhases = (
				67FF296E1C87B9A1008B6F3B /* Sources */,
				67FF296F1C87B9A1008B6F3B /* Frameworks */,
				67FF29701C87B9A1008B6F3B /* Resources */,
			);
			buildRules = (
			);
			dependencies = (
			);
			name = Sunny;
			productName = Sunny;
			productReference = 67FF29721C87B9A1008B6F3B /* Sunny.app */;
			productType = "com.apple.product-type.application";
		};
		67FF29851C87B9A1008B6F3B /* SunnyTests */ = {
			isa = PBXNativeTarget;
			buildConfigurationList = 67FF299D1C87B9A1008B6F3B /* Build configuration list for PBXNativeTarget "SunnyTests" */;
			buildPhases = (
				67FF29821C87B9A1008B6F3B /* Sources */,
				67FF29831C87B9A1008B6F3B /* Frameworks */,
				67FF29841C87B9A1008B6F3B /* Resources */,
			);
			buildRules = (
			);
			dependencies = (
				67FF29881C87B9A1008B6F3B /* PBXTargetDependency */,
			);
			name = SunnyTests;
			productName = SunnyTests;
			productReference = 67FF29861C87B9A1008B6F3B /* SunnyTests.xctest */;
			productType = "com.apple.product-type.bundle.unit-test";
		};
		67FF29901C87B9A1008B6F3B /* SunnyUITests */ = {
			isa = PBXNativeTarget;
			buildConfigurationList = 67FF29A01C87B9A1008B6F3B /* Build configuration list for PBXNativeTarget "SunnyUITests" */;
			buildPhases = (
				67FF298D1C87B9A1008B6F3B /* Sources */,
				67FF298E1C87B9A1008B6F3B /* Frameworks */,
				67FF298F1C87B9A1008B6F3B /* Resources */,
			);
			buildRules = (
			);
			dependencies = (
				67FF29931C87B9A1008B6F3B /* PBXTargetDependency */,
			);
			name = SunnyUITests;
			productName = SunnyUITests;
			productReference = 67FF29911C87B9A1008B6F3B /* SunnyUITests.xctest */;
			productType = "com.apple.product-type.bundle.ui-testing";
		};
/* End PBXNativeTarget section */

/* Begin PBXProject section */
		67FF296A1C87B9A1008B6F3B /* Project object */ = {
			isa = PBXProject;
			attributes = {
				LastSwiftUpdateCheck = 0720;
				LastUpgradeCheck = 0720;
				ORGANIZATIONNAME = Bidkraft;
				TargetAttributes = {
					67FF29711C87B9A1008B6F3B = {
						CreatedOnToolsVersion = 7.2.1;
					};
					67FF29851C87B9A1008B6F3B = {
						CreatedOnToolsVersion = 7.2.1;
						TestTargetID = 67FF29711C87B9A1008B6F3B;
					};
					67FF29901C87B9A1008B6F3B = {
						CreatedOnToolsVersion = 7.2.1;
						TestTargetID = 67FF29711C87B9A1008B6F3B;
					};
				};
			};
			buildConfigurationList = 67FF296D1C87B9A1008B6F3B /* Build configuration list for PBXProject "Sunny" */;
			compatibilityVersion = "Xcode 3.2";
			developmentRegion = English;
			hasScannedForEncodings = 0;
			knownRegions = (
				en,
				Base,
			);
			mainGroup = 67FF29691C87B9A1008B6F3B;
			productRefGroup = 67FF29731C87B9A1008B6F3B /* Products */;
			projectDirPath = "";
			projectRoot = "";
			targets = (
				67FF29711C87B9A1008B6F3B /* Sunny */,
				67FF29851C87B9A1008B6F3B /* SunnyTests */,
				67FF29901C87B9A1008B6F3B /* SunnyUITests */,
			);
		};
/* End PBXProject section */

/* Begin PBXResourcesBuildPhase section */
		67FF29701C87B9A1008B6F3B /* Resources */ = {
			isa = PBXResourcesBuildPhase;
			buildActionMask = 2147483647;
			files = (
				67FF29801C87B9A1008B6F3B /* LaunchScreen.storyboard in Resources */,
				67FF29A61C87BAEE008B6F3B /* logo.png in Resources */,
				67FF297D1C87B9A1008B6F3B /* Assets.xcassets in Resources */,
				67FF29A41C87B9FB008B6F3B /* bg.jpg in Resources */,
				67FF297B1C87B9A1008B6F3B /* Main.storyboard in Resources */,
			);
			runOnlyForDeploymentPostprocessing = 0;
		};
		67FF29841C87B9A1008B6F3B /* Resources */ = {
			isa = PBXResourcesBuildPhase;
			buildActionMask = 2147483647;
			files = (
			);
			runOnlyForDeploymentPostprocessing = 0;
		};
		67FF298F1C87B9A1008B6F3B /* Resources */ = {
			isa = PBXResourcesBuildPhase;
			buildActionMask = 2147483647;
			files = (
			);
			runOnlyForDeploymentPostprocessing = 0;
		};
/* End PBXResourcesBuildPhase section */

/* Begin PBXSourcesBuildPhase section */
		67FF296E1C87B9A1008B6F3B /* Sources */ = {
			isa = PBXSourcesBuildPhase;
			buildActionMask = 2147483647;
			files = (
				67FF29781C87B9A1008B6F3B /* ViewController.swift in Sources */,
				67FF29761C87B9A1008B6F3B /* AppDelegate.swift in Sources */,
				67FF29A81C87C065008B6F3B /* NetworkProcessing.swift in Sources */,
			);
			runOnlyForDeploymentPostprocessing = 0;
		};
		67FF29821C87B9A1008B6F3B /* Sources */ = {
			isa = PBXSourcesBuildPhase;
			buildActionMask = 2147483647;
			files = (
				67FF298B1C87B9A1008B6F3B /* SunnyTests.swift in Sources */,
			);
			runOnlyForDeploymentPostprocessing = 0;
		};
		67FF298D1C87B9A1008B6F3B /* Sources */ = {
			isa = PBXSourcesBuildPhase;
			buildActionMask = 2147483647;
			files = (
				67FF29961C87B9A1008B6F3B /* SunnyUITests.swift in Sources */,
			);
			runOnlyForDeploymentPostprocessing = 0;
		};
/* End PBXSourcesBuildPhase section */

/* Begin PBXTargetDependency section */
		67FF29881C87B9A1008B6F3B /* PBXTargetDependency */ = {
			isa = PBXTargetDependency;
			target = 67FF29711C87B9A1008B6F3B /* Sunny */;
			targetProxy = 67FF29871C87B9A1008B6F3B /* PBXContainerItemProxy */;
		};
		67FF29931C87B9A1008B6F3B /* PBXTargetDependency */ = {
			isa = PBXTargetDependency;
			target = 67FF29711C87B9A1008B6F3B /* Sunny */;
			targetProxy = 67FF29921C87B9A1008B6F3B /* PBXContainerItemProxy */;
		};
/* End PBXTargetDependency section */

/* Begin PBXVariantGroup section */
		67FF29791C87B9A1008B6F3B /* Main.storyboard */ = {
			isa = PBXVariantGroup;
			children = (
				67FF297A1C87B9A1008B6F3B /* Base */,
			);
			name = Main.storyboard;
			sourceTree = "<group>";
		};
		67FF297E1C87B9A1008B6F3B /* LaunchScreen.storyboard */ = {
			isa = PBXVariantGroup;
			children = (
				67FF297F1C87B9A1008B6F3B /* Base */,
			);
			name = LaunchScreen.storyboard;
			sourceTree = "<group>";
		};
/* End PBXVariantGroup section */

/* Begin XCBuildConfiguration section */
		67FF29981C87B9A1008B6F3B /* Debug */ = {
			isa = XCBuildConfiguration;
			buildSettings = {
				ALWAYS_SEARCH_USER_PATHS = NO;
				CLANG_CXX_LANGUAGE_STANDARD = "gnu++0x";
				CLANG_CXX_LIBRARY = "libc++";
				CLANG_ENABLE_MODULES = YES;
				CLANG_ENABLE_OBJC_ARC = YES;
				CLANG_WARN_BOOL_CONVERSION = YES;
				CLANG_WARN_CONSTANT_CONVERSION = YES;
				CLANG_WARN_DIRECT_OBJC_ISA_USAGE = YES_ERROR;
				CLANG_WARN_EMPTY_BODY = YES;
				CLANG_WARN_ENUM_CONVERSION = YES;
				CLANG_WARN_INT_CONVERSION = YES;
				CLANG_WARN_OBJC_ROOT_CLASS = YES_ERROR;
				CLANG_WARN_UNREACHABLE_CODE = YES;
				CLANG_WARN__DUPLICATE_METHOD_MATCH = YES;
				"CODE_SIGN_IDENTITY[sdk=iphoneos*]" = "iPhone Developer";
				COPY_PHASE_STRIP = NO;
				DEBUG_INFORMATION_FORMAT = dwarf;
				ENABLE_STRICT_OBJC_MSGSEND = YES;
				ENABLE_TESTABILITY = YES;
				GCC_C_LANGUAGE_STANDARD = gnu99;
				GCC_DYNAMIC_NO_PIC = NO;
				GCC_NO_COMMON_BLOCKS = YES;
				GCC_OPTIMIZATION_LEVEL = 0;
				GCC_PREPROCESSOR_DEFINITIONS = (
					"DEBUG=1",
					"$(inherited)",
				);
				GCC_WARN_64_TO_32_BIT_CONVERSION = YES;
				GCC_WARN_ABOUT_RETURN_TYPE = YES_ERROR;
				GCC_WARN_UNDECLARED_SELECTOR = YES;
				GCC_WARN_UNINITIALIZED_AUTOS = YES_AGGRESSIVE;
				GCC_WARN_UNUSED_FUNCTION = YES;
				GCC_WARN_UNUSED_VARIABLE = YES;
				IPHONEOS_DEPLOYMENT_TARGET = 9.2;
				MTL_ENABLE_DEBUG_INFO = YES;
				ONLY_ACTIVE_ARCH = YES;
				SDKROOT = iphoneos;
				SWIFT_OPTIMIZATION_LEVEL = "-Onone";
			};
			name = Debug;
		};
		67FF29991C87B9A1008B6F3B /* Release */ = {
			isa = XCBuildConfiguration;
			buildSettings = {
				ALWAYS_SEARCH_USER_PATHS = NO;
				CLANG_CXX_LANGUAGE_STANDARD = "gnu++0x";
				CLANG_CXX_LIBRARY = "libc++";
				CLANG_ENABLE_MODULES = YES;
				CLANG_ENABLE_OBJC_ARC = YES;
				CLANG_WARN_BOOL_CONVERSION = YES;
				CLANG_WARN_CONSTANT_CONVERSION = YES;
				CLANG_WARN_DIRECT_OBJC_ISA_USAGE = YES_ERROR;
				CLANG_WARN_EMPTY_BODY = YES;
				CLANG_WARN_ENUM_CONVERSION = YES;
				CLANG_WARN_INT_CONVERSION = YES;
				CLANG_WARN_OBJC_ROOT_CLASS = YES_ERROR;
				CLANG_WARN_UNREACHABLE_CODE = YES;
				CLANG_WARN__DUPLICATE_METHOD_MATCH = YES;
				"CODE_SIGN_IDENTITY[sdk=iphoneos*]" = "iPhone Developer";
				COPY_PHASE_STRIP = NO;
				DEBUG_INFORMATION_FORMAT = "dwarf-with-dsym";
				ENABLE_NS_ASSERTIONS = NO;
				ENABLE_STRICT_OBJC_MSGSEND = YES;
				GCC_C_LANGUAGE_STANDARD = gnu99;
				GCC_NO_COMMON_BLOCKS = YES;
				GCC_WARN_64_TO_32_BIT_CONVERSION = YES;
				GCC_WARN_ABOUT_RETURN_TYPE = YES_ERROR;
				GCC_WARN_UNDECLARED_SELECTOR = YES;
				GCC_WARN_UNINITIALIZED_AUTOS = YES_AGGRESSIVE;
				GCC_WARN_UNUSED_FUNCTION = YES;
				GCC_WARN_UNUSED_VARIABLE = YES;
				IPHONEOS_DEPLOYMENT_TARGET = 9.2;
				MTL_ENABLE_DEBUG_INFO = NO;
				SDKROOT = iphoneos;
				VALIDATE_PRODUCT = YES;
			};
			name = Release;
		};
		67FF299B1C87B9A1008B6F3B /* Debug */ = {
			isa = XCBuildConfiguration;
			buildSettings = {
				ASSETCATALOG_COMPILER_APPICON_NAME = AppIcon;
				INFOPLIST_FILE = Sunny/Info.plist;
				LD_RUNPATH_SEARCH_PATHS = "$(inherited) @executable_path/Frameworks";
				PRODUCT_BUNDLE_IDENTIFIER = com.Bidkraft.Sunny;
				PRODUCT_NAME = "$(TARGET_NAME)";
			};
			name = Debug;
		};
		67FF299C1C87B9A1008B6F3B /* Release */ = {
			isa = XCBuildConfiguration;
			buildSettings = {
				ASSETCATALOG_COMPILER_APPICON_NAME = AppIcon;
				INFOPLIST_FILE = Sunny/Info.plist;
				LD_RUNPATH_SEARCH_PATHS = "$(inherited) @executable_path/Frameworks";
				PRODUCT_BUNDLE_IDENTIFIER = com.Bidkraft.Sunny;
				PRODUCT_NAME = "$(TARGET_NAME)";
			};
			name = Release;
		};
		67FF299E1C87B9A1008B6F3B /* Debug */ = {
			isa = XCBuildConfiguration;
			buildSettings = {
				BUNDLE_LOADER = "$(TEST_HOST)";
				INFOPLIST_FILE = SunnyTests/Info.plist;
				LD_RUNPATH_SEARCH_PATHS = "$(inherited) @executable_path/Frameworks @loader_path/Frameworks";
				PRODUCT_BUNDLE_IDENTIFIER = com.Bidkraft.SunnyTests;
				PRODUCT_NAME = "$(TARGET_NAME)";
				TEST_HOST = "$(BUILT_PRODUCTS_DIR)/Sunny.app/Sunny";
			};
			name = Debug;
		};
		67FF299F1C87B9A1008B6F3B /* Release */ = {
			isa = XCBuildConfiguration;
			buildSettings = {
				BUNDLE_LOADER = "$(TEST_HOST)";
				INFOPLIST_FILE = SunnyTests/Info.plist;
				LD_RUNPATH_SEARCH_PATHS = "$(inherited) @executable_path/Frameworks @loader_path/Frameworks";
				PRODUCT_BUNDLE_IDENTIFIER = com.Bidkraft.SunnyTests;
				PRODUCT_NAME = "$(TARGET_NAME)";
				TEST_HOST = "$(BUILT_PRODUCTS_DIR)/Sunny.app/Sunny";
			};
			name = Release;
		};
		67FF29A11C87B9A1008B6F3B /* Debug */ = {
			isa = XCBuildConfiguration;
			buildSettings = {
				INFOPLIST_FILE = SunnyUITests/Info.plist;
				LD_RUNPATH_SEARCH_PATHS = "$(inherited) @executable_path/Frameworks @loader_path/Frameworks";
				PRODUCT_BUNDLE_IDENTIFIER = com.Bidkraft.SunnyUITests;
				PRODUCT_NAME = "$(TARGET_NAME)";
				TEST_TARGET_NAME = Sunny;
				USES_XCTRUNNER = YES;
			};
			name = Debug;
		};
		67FF29A21C87B9A1008B6F3B /* Release */ = {
			isa = XCBuildConfiguration;
			buildSettings = {
				INFOPLIST_FILE = SunnyUITests/Info.plist;
				LD_RUNPATH_SEARCH_PATHS = "$(inherited) @executable_path/Frameworks @loader_path/Frameworks";
				PRODUCT_BUNDLE_IDENTIFIER = com.Bidkraft.SunnyUITests;
				PRODUCT_NAME = "$(TARGET_NAME)";
				TEST_TARGET_NAME = Sunny;
				USES_XCTRUNNER = YES;
			};
			name = Release;
		};
/* End XCBuildConfiguration section */

/* Begin XCConfigurationList section */
		67FF296D1C87B9A1008B6F3B /* Build configuration list for PBXProject "Sunny" */ = {
			isa = XCConfigurationList;
			buildConfigurations = (
				67FF29981C87B9A1008B6F3B /* Debug */,
				67FF29991C87B9A1008B6F3B /* Release */,
			);
			defaultConfigurationIsVisible = 0;
			defaultConfigurationName = Release;
		};
		67FF299A1C87B9A1008B6F3B /* Build configuration list for PBXNativeTarget "Sunny" */ = {
			isa = XCConfigurationList;
			buildConfigurations = (
				67FF299B1C87B9A1008B6F3B /* Debug */,
				67FF299C1C87B9A1008B6F3B /* Release */,
			);
			defaultConfigurationIsVisible = 0;
		};
		67FF299D1C87B9A1008B6F3B /* Build configuration list for PBXNativeTarget "SunnyTests" */ = {
			isa = XCConfigurationList;
			buildConfigurations = (
				67FF299E1C87B9A1008B6F3B /* Debug */,
				67FF299F1C87B9A1008B6F3B /* Release */,
			);
			defaultConfigurationIsVisible = 0;
		};
		67FF29A01C87B9A1008B6F3B /* Build configuration list for PBXNativeTarget "SunnyUITests" */ = {
			isa = XCConfigurationList;
			buildConfigurations = (
				67FF29A11C87B9A1008B6F3B /* Debug */,
				67FF29A21C87B9A1008B6F3B /* Release */,
			);
			defaultConfigurationIsVisible = 0;
		};
/* End XCConfigurationList section */
	};
	rootObject = 67FF296A1C87B9A1008B6F3B /* Project object */;
}
